
Microsoft Visual Studio Solution File, Format Version 12.00
# Visual Studio Version 17
VisualStudioVersion = 17.11.35327.3
MinimumVisualStudioVersion = 10.0.40219.1
Project("{FAE04EC0-301F-11D3-BF4B-00C04F79EFBC}") = "TaskCase2", "TaskCase2\TaskCase2.csproj", "{58A7611C-C4D4-4CE4-B750-AC75B102CE9C}"
EndProject
Global
	GlobalSection(SolutionConfigurationPlatforms) = preSolution
		Debug|Any CPU = Debug|Any CPU
		Release|Any CPU = Release|Any CPU
	EndGlobalSection
	GlobalSection(ProjectConfigurationPlatforms) = postSolution
		{58A7611C-C4D4-4CE4-B750-AC75B102CE9C}.Debug|Any CPU.ActiveCfg = Debug|Any CPU
		{58A7611C-C4D4-4CE4-B750-AC75B102CE9C}.Debug|Any CPU.Build.0 = Debug|Any CPU
		{58A7611C-C4D4-4CE4-B750-AC75B102CE9C}.Release|Any CPU.ActiveCfg = Release|Any CPU
		{58A7611C-C4D4-4CE4-B750-AC75B102CE9C}.Release|Any CPU.Build.0 = Release|Any CPU
	EndGlobalSection
	GlobalSection(SolutionProperties) = preSolution
		HideSolutionNode = FALSE
	EndGlobalSection
	GlobalSection(ExtensibilityGlobals) = postSolution
		SolutionGuid = {E7C3655B-3582-4E48-A65B-C9D98FA9E437}
	EndGlobalSection
EndGlobal
